
Microsoft Visual Studio Solution File, Format Version 12.00
# Visual Studio 15
VisualStudioVersion = 15.0.27428.2037
MinimumVisualStudioVersion = 10.0.40219.1
Project("{2150E333-8FDC-42A3-9474-1A3956D46DE8}") = "API", "API", "{D1C17213-4876-495C-B346-12F05F7AF699}"
EndProject
Project("{2150E333-8FDC-42A3-9474-1A3956D46DE8}") = "UI", "UI", "{EBBCA3A3-EC53-4925-BD23-D0F2AB3DF0E0}"
EndProject
Project("{FAE04EC0-301F-11D3-BF4B-00C04F79EFBC}") = "ProductCatalogApi", "API\SuitSupply.CodingTest.ProductCatalog.WebApi\ProductCatalogApi.csproj", "{4896C48F-2608-40F7-9B72-0AD9AEEFBC6C}"
EndProject
Project("{2150E333-8FDC-42A3-9474-1A3956D46DE8}") = "Tests", "Tests", "{299081A2-551D-4768-AA7E-12D0069098CA}"
EndProject
Project("{FAE04EC0-301F-11D3-BF4B-00C04F79EFBC}") = "ProductCatalogApi.Tests", "Tests\SuitSupply.CodingTest.ProductCatalog.WebApi.Test\ProductCatalogApi.Tests.csproj", "{039E613E-BFD7-413F-A927-9EB9EAE1ADDB}"
EndProject
Global
	GlobalSection(SolutionConfigurationPlatforms) = preSolution
		Debug|Any CPU = Debug|Any CPU
		Release|Any CPU = Release|Any CPU
	EndGlobalSection
	GlobalSection(ProjectConfigurationPlatforms) = postSolution
		{4896C48F-2608-40F7-9B72-0AD9AEEFBC6C}.Debug|Any CPU.ActiveCfg = Debug|Any CPU
		{4896C48F-2608-40F7-9B72-0AD9AEEFBC6C}.Debug|Any CPU.Build.0 = Debug|Any CPU
		{4896C48F-2608-40F7-9B72-0AD9AEEFBC6C}.Release|Any CPU.ActiveCfg = Release|Any CPU
		{4896C48F-2608-40F7-9B72-0AD9AEEFBC6C}.Release|Any CPU.Build.0 = Release|Any CPU
		{039E613E-BFD7-413F-A927-9EB9EAE1ADDB}.Debug|Any CPU.ActiveCfg = Debug|Any CPU
		{039E613E-BFD7-413F-A927-9EB9EAE1ADDB}.Debug|Any CPU.Build.0 = Debug|Any CPU
		{039E613E-BFD7-413F-A927-9EB9EAE1ADDB}.Release|Any CPU.ActiveCfg = Release|Any CPU
		{039E613E-BFD7-413F-A927-9EB9EAE1ADDB}.Release|Any CPU.Build.0 = Release|Any CPU
	EndGlobalSection
	GlobalSection(SolutionProperties) = preSolution
		HideSolutionNode = FALSE
	EndGlobalSection
	GlobalSection(NestedProjects) = preSolution
		{4896C48F-2608-40F7-9B72-0AD9AEEFBC6C} = {D1C17213-4876-495C-B346-12F05F7AF699}
		{039E613E-BFD7-413F-A927-9EB9EAE1ADDB} = {299081A2-551D-4768-AA7E-12D0069098CA}
	EndGlobalSection
	GlobalSection(ExtensibilityGlobals) = postSolution
		SolutionGuid = {7399D3A4-F559-4A40-B47E-6B64EDCA3E95}
	EndGlobalSection
EndGlobal
